// !$*UTF8*$!
{
	archiveVersion = 1;
	classes = {
	};
	objectVersion = 50;
	objects = {

/* Begin PBXBuildFile section */
		2F6C28EF24FBEF3E00CC1D70 /* AppDelegate.swift in Sources */ = {isa = PBXBuildFile; fileRef = 2F6C28EE24FBEF3E00CC1D70 /* AppDelegate.swift */; };
		2F6C28F124FBEF3E00CC1D70 /* SceneDelegate.swift in Sources */ = {isa = PBXBuildFile; fileRef = 2F6C28F024FBEF3E00CC1D70 /* SceneDelegate.swift */; };
		2F6C28F324FBEF3E00CC1D70 /* ViewController.swift in Sources */ = {isa = PBXBuildFile; fileRef = 2F6C28F224FBEF3E00CC1D70 /* ViewController.swift */; };
		2F6C28F624FBEF3E00CC1D70 /* Main.storyboard in Resources */ = {isa = PBXBuildFile; fileRef = 2F6C28F424FBEF3E00CC1D70 /* Main.storyboard */; };
		2F6C28F924FBEF3E00CC1D70 /* CRUDProject.xcdatamodeld in Sources */ = {isa = PBXBuildFile; fileRef = 2F6C28F724FBEF3E00CC1D70 /* CRUDProject.xcdatamodeld */; };
		2F6C28FB24FBEF3E00CC1D70 /* Assets.xcassets in Resources */ = {isa = PBXBuildFile; fileRef = 2F6C28FA24FBEF3E00CC1D70 /* Assets.xcassets */; };
		2F6C28FE24FBEF3E00CC1D70 /* LaunchScreen.storyboard in Resources */ = {isa = PBXBuildFile; fileRef = 2F6C28FC24FBEF3E00CC1D70 /* LaunchScreen.storyboard */; };
		2F6C290924FBEF3E00CC1D70 /* CRUDProjectTests.swift in Sources */ = {isa = PBXBuildFile; fileRef = 2F6C290824FBEF3E00CC1D70 /* CRUDProjectTests.swift */; };
		2F6C291424FBEF3E00CC1D70 /* CRUDProjectUITests.swift in Sources */ = {isa = PBXBuildFile; fileRef = 2F6C291324FBEF3E00CC1D70 /* CRUDProjectUITests.swift */; };
/* End PBXBuildFile section */

/* Begin PBXContainerItemProxy section */
		2F6C290524FBEF3E00CC1D70 /* PBXContainerItemProxy */ = {
			isa = PBXContainerItemProxy;
			containerPortal = 2F6C28E324FBEF3E00CC1D70 /* Project object */;
			proxyType = 1;
			remoteGlobalIDString = 2F6C28EA24FBEF3E00CC1D70;
			remoteInfo = CRUDProject;
		};
		2F6C291024FBEF3E00CC1D70 /* PBXContainerItemProxy */ = {
			isa = PBXContainerItemProxy;
			containerPortal = 2F6C28E324FBEF3E00CC1D70 /* Project object */;
			proxyType = 1;
			remoteGlobalIDString = 2F6C28EA24FBEF3E00CC1D70;
			remoteInfo = CRUDProject;
		};
/* End PBXContainerItemProxy section */

/* Begin PBXFileReference section */
		2F6C28EB24FBEF3E00CC1D70 /* CRUDProject.app */ = {isa = PBXFileReference; explicitFileType = wrapper.application; includeInIndex = 0; path = CRUDProject.app; sourceTree = BUILT_PRODUCTS_DIR; };
		2F6C28EE24FBEF3E00CC1D70 /* AppDelegate.swift */ = {isa = PBXFileReference; lastKnownFileType = sourcecode.swift; path = AppDelegate.swift; sourceTree = "<group>"; };
		2F6C28F024FBEF3E00CC1D70 /* SceneDelegate.swift */ = {isa = PBXFileReference; lastKnownFileType = sourcecode.swift; path = SceneDelegate.swift; sourceTree = "<group>"; };
		2F6C28F224FBEF3E00CC1D70 /* ViewController.swift */ = {isa = PBXFileReference; lastKnownFileType = sourcecode.swift; path = ViewController.swift; sourceTree = "<group>"; };
		2F6C28F524FBEF3E00CC1D70 /* Base */ = {isa = PBXFileReference; lastKnownFileType = file.storyboard; name = Base; path = Base.lproj/Main.storyboard; sourceTree = "<group>"; };
		2F6C28F824FBEF3E00CC1D70 /* CRUDProject.xcdatamodel */ = {isa = PBXFileReference; lastKnownFileType = wrapper.xcdatamodel; path = CRUDProject.xcdatamodel; sourceTree = "<group>"; };
		2F6C28FA24FBEF3E00CC1D70 /* Assets.xcassets */ = {isa = PBXFileReference; lastKnownFileType = folder.assetcatalog; path = Assets.xcassets; sourceTree = "<group>"; };
		2F6C28FD24FBEF3E00CC1D70 /* Base */ = {isa = PBXFileReference; lastKnownFileType = file.storyboard; name = Base; path = Base.lproj/LaunchScreen.storyboard; sourceTree = "<group>"; };
		2F6C28FF24FBEF3E00CC1D70 /* Info.plist */ = {isa = PBXFileReference; lastKnownFileType = text.plist.xml; path = Info.plist; sourceTree = "<group>"; };
		2F6C290424FBEF3E00CC1D70 /* CRUDProjectTests.xctest */ = {isa = PBXFileReference; explicitFileType = wrapper.cfbundle; includeInIndex = 0; path = CRUDProjectTests.xctest; sourceTree = BUILT_PRODUCTS_DIR; };
		2F6C290824FBEF3E00CC1D70 /* CRUDProjectTests.swift */ = {isa = PBXFileReference; lastKnownFileType = sourcecode.swift; path = CRUDProjectTests.swift; sourceTree = "<group>"; };
		2F6C290A24FBEF3E00CC1D70 /* Info.plist */ = {isa = PBXFileReference; lastKnownFileType = text.plist.xml; path = Info.plist; sourceTree = "<group>"; };
		2F6C290F24FBEF3E00CC1D70 /* CRUDProjectUITests.xctest */ = {isa = PBXFileReference; explicitFileType = wrapper.cfbundle; includeInIndex = 0; path = CRUDProjectUITests.xctest; sourceTree = BUILT_PRODUCTS_DIR; };
		2F6C291324FBEF3E00CC1D70 /* CRUDProjectUITests.swift */ = {isa = PBXFileReference; lastKnownFileType = sourcecode.swift; path = CRUDProjectUITests.swift; sourceTree = "<group>"; };
		2F6C291524FBEF3E00CC1D70 /* Info.plist */ = {isa = PBXFileReference; lastKnownFileType = text.plist.xml; path = Info.plist; sourceTree = "<group>"; };
/* End PBXFileReference section */

/* Begin PBXFrameworksBuildPhase section */
		2F6C28E824FBEF3E00CC1D70 /* Frameworks */ = {
			isa = PBXFrameworksBuildPhase;
			buildActionMask = 2147483647;
			files = (
			);
			runOnlyForDeploymentPostprocessing = 0;
		};
		2F6C290124FBEF3E00CC1D70 /* Frameworks */ = {
			isa = PBXFrameworksBuildPhase;
			buildActionMask = 2147483647;
			files = (
			);
			runOnlyForDeploymentPostprocessing = 0;
		};
		2F6C290C24FBEF3E00CC1D70 /* Frameworks */ = {
			isa = PBXFrameworksBuildPhase;
			buildActionMask = 2147483647;
			files = (
			);
			runOnlyForDeploymentPostprocessing = 0;
		};
/* End PBXFrameworksBuildPhase section */

/* Begin PBXGroup section */
		2F6C28E224FBEF3D00CC1D70 = {
			isa = PBXGroup;
			children = (
				2F6C28ED24FBEF3E00CC1D70 /* CRUDProject */,
				2F6C290724FBEF3E00CC1D70 /* CRUDProjectTests */,
				2F6C291224FBEF3E00CC1D70 /* CRUDProjectUITests */,
				2F6C28EC24FBEF3E00CC1D70 /* Products */,
			);
			sourceTree = "<group>";
		};
		2F6C28EC24FBEF3E00CC1D70 /* Products */ = {
			isa = PBXGroup;
			children = (
				2F6C28EB24FBEF3E00CC1D70 /* CRUDProject.app */,
				2F6C290424FBEF3E00CC1D70 /* CRUDProjectTests.xctest */,
				2F6C290F24FBEF3E00CC1D70 /* CRUDProjectUITests.xctest */,
			);
			name = Products;
			sourceTree = "<group>";
		};
		2F6C28ED24FBEF3E00CC1D70 /* CRUDProject */ = {
			isa = PBXGroup;
			children = (
				2F6C28EE24FBEF3E00CC1D70 /* AppDelegate.swift */,
				2F6C28F024FBEF3E00CC1D70 /* SceneDelegate.swift */,
				2F6C28F224FBEF3E00CC1D70 /* ViewController.swift */,
				2F6C28F424FBEF3E00CC1D70 /* Main.storyboard */,
				2F6C28FA24FBEF3E00CC1D70 /* Assets.xcassets */,
				2F6C28FC24FBEF3E00CC1D70 /* LaunchScreen.storyboard */,
				2F6C28FF24FBEF3E00CC1D70 /* Info.plist */,
				2F6C28F724FBEF3E00CC1D70 /* CRUDProject.xcdatamodeld */,
			);
			path = CRUDProject;
			sourceTree = "<group>";
		};
		2F6C290724FBEF3E00CC1D70 /* CRUDProjectTests */ = {
			isa = PBXGroup;
			children = (
				2F6C290824FBEF3E00CC1D70 /* CRUDProjectTests.swift */,
				2F6C290A24FBEF3E00CC1D70 /* Info.plist */,
			);
			path = CRUDProjectTests;
			sourceTree = "<group>";
		};
		2F6C291224FBEF3E00CC1D70 /* CRUDProjectUITests */ = {
			isa = PBXGroup;
			children = (
				2F6C291324FBEF3E00CC1D70 /* CRUDProjectUITests.swift */,
				2F6C291524FBEF3E00CC1D70 /* Info.plist */,
			);
			path = CRUDProjectUITests;
			sourceTree = "<group>";
		};
/* End PBXGroup section */

/* Begin PBXNativeTarget section */
		2F6C28EA24FBEF3E00CC1D70 /* CRUDProject */ = {
			isa = PBXNativeTarget;
			buildConfigurationList = 2F6C291824FBEF3E00CC1D70 /* Build configuration list for PBXNativeTarget "CRUDProject" */;
			buildPhases = (
				2F6C28E724FBEF3E00CC1D70 /* Sources */,
				2F6C28E824FBEF3E00CC1D70 /* Frameworks */,
				2F6C28E924FBEF3E00CC1D70 /* Resources */,
			);
			buildRules = (
			);
			dependencies = (
			);
			name = CRUDProject;
			productName = CRUDProject;
			productReference = 2F6C28EB24FBEF3E00CC1D70 /* CRUDProject.app */;
			productType = "com.apple.product-type.application";
		};
		2F6C290324FBEF3E00CC1D70 /* CRUDProjectTests */ = {
			isa = PBXNativeTarget;
			buildConfigurationList = 2F6C291B24FBEF3E00CC1D70 /* Build configuration list for PBXNativeTarget "CRUDProjectTests" */;
			buildPhases = (
				2F6C290024FBEF3E00CC1D70 /* Sources */,
				2F6C290124FBEF3E00CC1D70 /* Frameworks */,
				2F6C290224FBEF3E00CC1D70 /* Resources */,
			);
			buildRules = (
			);
			dependencies = (
				2F6C290624FBEF3E00CC1D70 /* PBXTargetDependency */,
			);
			name = CRUDProjectTests;
			productName = CRUDProjectTests;
			productReference = 2F6C290424FBEF3E00CC1D70 /* CRUDProjectTests.xctest */;
			productType = "com.apple.product-type.bundle.unit-test";
		};
		2F6C290E24FBEF3E00CC1D70 /* CRUDProjectUITests */ = {
			isa = PBXNativeTarget;
			buildConfigurationList = 2F6C291E24FBEF3E00CC1D70 /* Build configuration list for PBXNativeTarget "CRUDProjectUITests" */;
			buildPhases = (
				2F6C290B24FBEF3E00CC1D70 /* Sources */,
				2F6C290C24FBEF3E00CC1D70 /* Frameworks */,
				2F6C290D24FBEF3E00CC1D70 /* Resources */,
			);
			buildRules = (
			);
			dependencies = (
				2F6C291124FBEF3E00CC1D70 /* PBXTargetDependency */,
			);
			name = CRUDProjectUITests;
			productName = CRUDProjectUITests;
			productReference = 2F6C290F24FBEF3E00CC1D70 /* CRUDProjectUITests.xctest */;
			productType = "com.apple.product-type.bundle.ui-testing";
		};
/* End PBXNativeTarget section */

/* Begin PBXProject section */
		2F6C28E324FBEF3E00CC1D70 /* Project object */ = {
			isa = PBXProject;
			attributes = {
				LastSwiftUpdateCheck = 1130;
				LastUpgradeCheck = 1130;
				ORGANIZATIONNAME = Marco;
				TargetAttributes = {
					2F6C28EA24FBEF3E00CC1D70 = {
						CreatedOnToolsVersion = 11.3;
					};
					2F6C290324FBEF3E00CC1D70 = {
						CreatedOnToolsVersion = 11.3;
						TestTargetID = 2F6C28EA24FBEF3E00CC1D70;
					};
					2F6C290E24FBEF3E00CC1D70 = {
						CreatedOnToolsVersion = 11.3;
						TestTargetID = 2F6C28EA24FBEF3E00CC1D70;
					};
				};
			};
			buildConfigurationList = 2F6C28E624FBEF3E00CC1D70 /* Build configuration list for PBXProject "CRUDProject" */;
			compatibilityVersion = "Xcode 9.3";
			developmentRegion = en;
			hasScannedForEncodings = 0;
			knownRegions = (
				en,
				Base,
			);
			mainGroup = 2F6C28E224FBEF3D00CC1D70;
			productRefGroup = 2F6C28EC24FBEF3E00CC1D70 /* Products */;
			projectDirPath = "";
			projectRoot = "";
			targets = (
				2F6C28EA24FBEF3E00CC1D70 /* CRUDProject */,
				2F6C290324FBEF3E00CC1D70 /* CRUDProjectTests */,
				2F6C290E24FBEF3E00CC1D70 /* CRUDProjectUITests */,
			);
		};
/* End PBXProject section */

/* Begin PBXResourcesBuildPhase section */
		2F6C28E924FBEF3E00CC1D70 /* Resources */ = {
			isa = PBXResourcesBuildPhase;
			buildActionMask = 2147483647;
			files = (
				2F6C28FE24FBEF3E00CC1D70 /* LaunchScreen.storyboard in Resources */,
				2F6C28FB24FBEF3E00CC1D70 /* Assets.xcassets in Resources */,
				2F6C28F624FBEF3E00CC1D70 /* Main.storyboard in Resources */,
			);
			runOnlyForDeploymentPostprocessing = 0;
		};
		2F6C290224FBEF3E00CC1D70 /* Resources */ = {
			isa = PBXResourcesBuildPhase;
			buildActionMask = 2147483647;
			files = (
			);
			runOnlyForDeploymentPostprocessing = 0;
		};
		2F6C290D24FBEF3E00CC1D70 /* Resources */ = {
			isa = PBXResourcesBuildPhase;
			buildActionMask = 2147483647;
			files = (
			);
			runOnlyForDeploymentPostprocessing = 0;
		};
/* End PBXResourcesBuildPhase section */

/* Begin PBXSourcesBuildPhase section */
		2F6C28E724FBEF3E00CC1D70 /* Sources */ = {
			isa = PBXSourcesBuildPhase;
			buildActionMask = 2147483647;
			files = (
				2F6C28F324FBEF3E00CC1D70 /* ViewController.swift in Sources */,
				2F6C28F924FBEF3E00CC1D70 /* CRUDProject.xcdatamodeld in Sources */,
				2F6C28EF24FBEF3E00CC1D70 /* AppDelegate.swift in Sources */,
				2F6C28F124FBEF3E00CC1D70 /* SceneDelegate.swift in Sources */,
			);
			runOnlyForDeploymentPostprocessing = 0;
		};
		2F6C290024FBEF3E00CC1D70 /* Sources */ = {
			isa = PBXSourcesBuildPhase;
			buildActionMask = 2147483647;
			files = (
				2F6C290924FBEF3E00CC1D70 /* CRUDProjectTests.swift in Sources */,
			);
			runOnlyForDeploymentPostprocessing = 0;
		};
		2F6C290B24FBEF3E00CC1D70 /* Sources */ = {
			isa = PBXSourcesBuildPhase;
			buildActionMask = 2147483647;
			files = (
				2F6C291424FBEF3E00CC1D70 /* CRUDProjectUITests.swift in Sources */,
			);
			runOnlyForDeploymentPostprocessing = 0;
		};
/* End PBXSourcesBuildPhase section */

/* Begin PBXTargetDependency section */
		2F6C290624FBEF3E00CC1D70 /* PBXTargetDependency */ = {
			isa = PBXTargetDependency;
			target = 2F6C28EA24FBEF3E00CC1D70 /* CRUDProject */;
			targetProxy = 2F6C290524FBEF3E00CC1D70 /* PBXContainerItemProxy */;
		};
		2F6C291124FBEF3E00CC1D70 /* PBXTargetDependency */ = {
			isa = PBXTargetDependency;
			target = 2F6C28EA24FBEF3E00CC1D70 /* CRUDProject */;
			targetProxy = 2F6C291024FBEF3E00CC1D70 /* PBXContainerItemProxy */;
		};
/* End PBXTargetDependency section */

/* Begin PBXVariantGroup section */
		2F6C28F424FBEF3E00CC1D70 /* Main.storyboard */ = {
			isa = PBXVariantGroup;
			children = (
				2F6C28F524FBEF3E00CC1D70 /* Base */,
			);
			name = Main.storyboard;
			sourceTree = "<group>";
		};
		2F6C28FC24FBEF3E00CC1D70 /* LaunchScreen.storyboard */ = {
			isa = PBXVariantGroup;
			children = (
				2F6C28FD24FBEF3E00CC1D70 /* Base */,
			);
			name = LaunchScreen.storyboard;
			sourceTree = "<group>";
		};
/* End PBXVariantGroup section */

/* Begin XCBuildConfiguration section */
		2F6C291624FBEF3E00CC1D70 /* Debug */ = {
			isa = XCBuildConfiguration;
			buildSettings = {
				ALWAYS_SEARCH_USER_PATHS = NO;
				CLANG_ANALYZER_NONNULL = YES;
				CLANG_ANALYZER_NUMBER_OBJECT_CONVERSION = YES_AGGRESSIVE;
				CLANG_CXX_LANGUAGE_STANDARD = "gnu++14";
				CLANG_CXX_LIBRARY = "libc++";
				CLANG_ENABLE_MODULES = YES;
				CLANG_ENABLE_OBJC_ARC = YES;
				CLANG_ENABLE_OBJC_WEAK = YES;
				CLANG_WARN_BLOCK_CAPTURE_AUTORELEASING = YES;
				CLANG_WARN_BOOL_CONVERSION = YES;
				CLANG_WARN_COMMA = YES;
				CLANG_WARN_CONSTANT_CONVERSION = YES;
				CLANG_WARN_DEPRECATED_OBJC_IMPLEMENTATIONS = YES;
				CLANG_WARN_DIRECT_OBJC_ISA_USAGE = YES_ERROR;
				CLANG_WARN_DOCUMENTATION_COMMENTS = YES;
				CLANG_WARN_EMPTY_BODY = YES;
				CLANG_WARN_ENUM_CONVERSION = YES;
				CLANG_WARN_INFINITE_RECURSION = YES;
				CLANG_WARN_INT_CONVERSION = YES;
				CLANG_WARN_NON_LITERAL_NULL_CONVERSION = YES;
				CLANG_WARN_OBJC_IMPLICIT_RETAIN_SELF = YES;
				CLANG_WARN_OBJC_LITERAL_CONVERSION = YES;
				CLANG_WARN_OBJC_ROOT_CLASS = YES_ERROR;
				CLANG_WARN_RANGE_LOOP_ANALYSIS = YES;
				CLANG_WARN_STRICT_PROTOTYPES = YES;
				CLANG_WARN_SUSPICIOUS_MOVE = YES;
				CLANG_WARN_UNGUARDED_AVAILABILITY = YES_AGGRESSIVE;
				CLANG_WARN_UNREACHABLE_CODE = YES;
				CLANG_WARN__DUPLICATE_METHOD_MATCH = YES;
				COPY_PHASE_STRIP = NO;
				DEBUG_INFORMATION_FORMAT = dwarf;
				ENABLE_STRICT_OBJC_MSGSEND = YES;
				ENABLE_TESTABILITY = YES;
				GCC_C_LANGUAGE_STANDARD = gnu11;
				GCC_DYNAMIC_NO_PIC = NO;
				GCC_NO_COMMON_BLOCKS = YES;
				GCC_OPTIMIZATION_LEVEL = 0;
				GCC_PREPROCESSOR_DEFINITIONS = (
					"DEBUG=1",
					"$(inherited)",
				);
				GCC_WARN_64_TO_32_BIT_CONVERSION = YES;
				GCC_WARN_ABOUT_RETURN_TYPE = YES_ERROR;
				GCC_WARN_UNDECLARED_SELECTOR = YES;
				GCC_WARN_UNINITIALIZED_AUTOS = YES_AGGRESSIVE;
				GCC_WARN_UNUSED_FUNCTION = YES;
				GCC_WARN_UNUSED_VARIABLE = YES;
				IPHONEOS_DEPLOYMENT_TARGET = 13.2;
				MTL_ENABLE_DEBUG_INFO = INCLUDE_SOURCE;
				MTL_FAST_MATH = YES;
				ONLY_ACTIVE_ARCH = YES;
				SDKROOT = iphoneos;
				SWIFT_ACTIVE_COMPILATION_CONDITIONS = DEBUG;
				SWIFT_OPTIMIZATION_LEVEL = "-Onone";
			};
			name = Debug;
		};
		2F6C291724FBEF3E00CC1D70 /* Release */ = {
			isa = XCBuildConfiguration;
			buildSettings = {
				ALWAYS_SEARCH_USER_PATHS = NO;
				CLANG_ANALYZER_NONNULL = YES;
				CLANG_ANALYZER_NUMBER_OBJECT_CONVERSION = YES_AGGRESSIVE;
				CLANG_CXX_LANGUAGE_STANDARD = "gnu++14";
				CLANG_CXX_LIBRARY = "libc++";
				CLANG_ENABLE_MODULES = YES;
				CLANG_ENABLE_OBJC_ARC = YES;
				CLANG_ENABLE_OBJC_WEAK = YES;
				CLANG_WARN_BLOCK_CAPTURE_AUTORELEASING = YES;
				CLANG_WARN_BOOL_CONVERSION = YES;
				CLANG_WARN_COMMA = YES;
				CLANG_WARN_CONSTANT_CONVERSION = YES;
				CLANG_WARN_DEPRECATED_OBJC_IMPLEMENTATIONS = YES;
				CLANG_WARN_DIRECT_OBJC_ISA_USAGE = YES_ERROR;
				CLANG_WARN_DOCUMENTATION_COMMENTS = YES;
				CLANG_WARN_EMPTY_BODY = YES;
				CLANG_WARN_ENUM_CONVERSION = YES;
				CLANG_WARN_INFINITE_RECURSION = YES;
				CLANG_WARN_INT_CONVERSION = YES;
				CLANG_WARN_NON_LITERAL_NULL_CONVERSION = YES;
				CLANG_WARN_OBJC_IMPLICIT_RETAIN_SELF = YES;
				CLANG_WARN_OBJC_LITERAL_CONVERSION = YES;
				CLANG_WARN_OBJC_ROOT_CLASS = YES_ERROR;
				CLANG_WARN_RANGE_LOOP_ANALYSIS = YES;
				CLANG_WARN_STRICT_PROTOTYPES = YES;
				CLANG_WARN_SUSPICIOUS_MOVE = YES;
				CLANG_WARN_UNGUARDED_AVAILABILITY = YES_AGGRESSIVE;
				CLANG_WARN_UNREACHABLE_CODE = YES;
				CLANG_WARN__DUPLICATE_METHOD_MATCH = YES;
				COPY_PHASE_STRIP = NO;
				DEBUG_INFORMATION_FORMAT = "dwarf-with-dsym";
				ENABLE_NS_ASSERTIONS = NO;
				ENABLE_STRICT_OBJC_MSGSEND = YES;
				GCC_C_LANGUAGE_STANDARD = gnu11;
				GCC_NO_COMMON_BLOCKS = YES;
				GCC_WARN_64_TO_32_BIT_CONVERSION = YES;
				GCC_WARN_ABOUT_RETURN_TYPE = YES_ERROR;
				GCC_WARN_UNDECLARED_SELECTOR = YES;
				GCC_WARN_UNINITIALIZED_AUTOS = YES_AGGRESSIVE;
				GCC_WARN_UNUSED_FUNCTION = YES;
				GCC_WARN_UNUSED_VARIABLE = YES;
				IPHONEOS_DEPLOYMENT_TARGET = 13.2;
				MTL_ENABLE_DEBUG_INFO = NO;
				MTL_FAST_MATH = YES;
				SDKROOT = iphoneos;
				SWIFT_COMPILATION_MODE = wholemodule;
				SWIFT_OPTIMIZATION_LEVEL = "-O";
				VALIDATE_PRODUCT = YES;
			};
			name = Release;
		};
		2F6C291924FBEF3E00CC1D70 /* Debug */ = {
			isa = XCBuildConfiguration;
			buildSettings = {
				ASSETCATALOG_COMPILER_APPICON_NAME = AppIcon;
				CODE_SIGN_STYLE = Automatic;
				DEVELOPMENT_TEAM = XHC8W6N72U;
				INFOPLIST_FILE = CRUDProject/Info.plist;
				LD_RUNPATH_SEARCH_PATHS = (
					"$(inherited)",
					"@executable_path/Frameworks",
				);
				PRODUCT_BUNDLE_IDENTIFIER = br.com.marco.CRUDProject;
				PRODUCT_NAME = "$(TARGET_NAME)";
				SWIFT_VERSION = 5.0;
				TARGETED_DEVICE_FAMILY = "1,2";
			};
			name = Debug;
		};
		2F6C291A24FBEF3E00CC1D70 /* Release */ = {
			isa = XCBuildConfiguration;
			buildSettings = {
				ASSETCATALOG_COMPILER_APPICON_NAME = AppIcon;
				CODE_SIGN_STYLE = Automatic;
				DEVELOPMENT_TEAM = XHC8W6N72U;
				INFOPLIST_FILE = CRUDProject/Info.plist;
				LD_RUNPATH_SEARCH_PATHS = (
					"$(inherited)",
					"@executable_path/Frameworks",
				);
				PRODUCT_BUNDLE_IDENTIFIER = br.com.marco.CRUDProject;
				PRODUCT_NAME = "$(TARGET_NAME)";
				SWIFT_VERSION = 5.0;
				TARGETED_DEVICE_FAMILY = "1,2";
			};
			name = Release;
		};
		2F6C291C24FBEF3E00CC1D70 /* Debug */ = {
			isa = XCBuildConfiguration;
			buildSettings = {
				ALWAYS_EMBED_SWIFT_STANDARD_LIBRARIES = YES;
				BUNDLE_LOADER = "$(TEST_HOST)";
				CODE_SIGN_STYLE = Automatic;
				DEVELOPMENT_TEAM = XHC8W6N72U;
				INFOPLIST_FILE = CRUDProjectTests/Info.plist;
				IPHONEOS_DEPLOYMENT_TARGET = 13.2;
				LD_RUNPATH_SEARCH_PATHS = (
					"$(inherited)",
					"@executable_path/Frameworks",
					"@loader_path/Frameworks",
				);
				PRODUCT_BUNDLE_IDENTIFIER = br.com.marco.CRUDProjectTests;
				PRODUCT_NAME = "$(TARGET_NAME)";
				SWIFT_VERSION = 5.0;
				TARGETED_DEVICE_FAMILY = "1,2";
				TEST_HOST = "$(BUILT_PRODUCTS_DIR)/CRUDProject.app/CRUDProject";
			};
			name = Debug;
		};
		2F6C291D24FBEF3E00CC1D70 /* Release */ = {
			isa = XCBuildConfiguration;
			buildSettings = {
				ALWAYS_EMBED_SWIFT_STANDARD_LIBRARIES = YES;
				BUNDLE_LOADER = "$(TEST_HOST)";
				CODE_SIGN_STYLE = Automatic;
				DEVELOPMENT_TEAM = XHC8W6N72U;
				INFOPLIST_FILE = CRUDProjectTests/Info.plist;
				IPHONEOS_DEPLOYMENT_TARGET = 13.2;
				LD_RUNPATH_SEARCH_PATHS = (
					"$(inherited)",
					"@executable_path/Frameworks",
					"@loader_path/Frameworks",
				);
				PRODUCT_BUNDLE_IDENTIFIER = br.com.marco.CRUDProjectTests;
				PRODUCT_NAME = "$(TARGET_NAME)";
				SWIFT_VERSION = 5.0;
				TARGETED_DEVICE_FAMILY = "1,2";
				TEST_HOST = "$(BUILT_PRODUCTS_DIR)/CRUDProject.app/CRUDProject";
			};
			name = Release;
		};
		2F6C291F24FBEF3E00CC1D70 /* Debug */ = {
			isa = XCBuildConfiguration;
			buildSettings = {
				ALWAYS_EMBED_SWIFT_STANDARD_LIBRARIES = YES;
				CODE_SIGN_STYLE = Automatic;
				DEVELOPMENT_TEAM = XHC8W6N72U;
				INFOPLIST_FILE = CRUDProjectUITests/Info.plist;
				LD_RUNPATH_SEARCH_PATHS = (
					"$(inherited)",
					"@executable_path/Frameworks",
					"@loader_path/Frameworks",
				);
				PRODUCT_BUNDLE_IDENTIFIER = br.com.marco.CRUDProjectUITests;
				PRODUCT_NAME = "$(TARGET_NAME)";
				SWIFT_VERSION = 5.0;
				TARGETED_DEVICE_FAMILY = "1,2";
				TEST_TARGET_NAME = CRUDProject;
			};
			name = Debug;
		};
		2F6C292024FBEF3E00CC1D70 /* Release */ = {
			isa = XCBuildConfiguration;
			buildSettings = {
				ALWAYS_EMBED_SWIFT_STANDARD_LIBRARIES = YES;
				CODE_SIGN_STYLE = Automatic;
				DEVELOPMENT_TEAM = XHC8W6N72U;
				INFOPLIST_FILE = CRUDProjectUITests/Info.plist;
				LD_RUNPATH_SEARCH_PATHS = (
					"$(inherited)",
					"@executable_path/Frameworks",
					"@loader_path/Frameworks",
				);
				PRODUCT_BUNDLE_IDENTIFIER = br.com.marco.CRUDProjectUITests;
				PRODUCT_NAME = "$(TARGET_NAME)";
				SWIFT_VERSION = 5.0;
				TARGETED_DEVICE_FAMILY = "1,2";
				TEST_TARGET_NAME = CRUDProject;
			};
			name = Release;
		};
/* End XCBuildConfiguration section */

/* Begin XCConfigurationList section */
		2F6C28E624FBEF3E00CC1D70 /* Build configuration list for PBXProject "CRUDProject" */ = {
			isa = XCConfigurationList;
			buildConfigurations = (
				2F6C291624FBEF3E00CC1D70 /* Debug */,
				2F6C291724FBEF3E00CC1D70 /* Release */,
			);
			defaultConfigurationIsVisible = 0;
			defaultConfigurationName = Release;
		};
		2F6C291824FBEF3E00CC1D70 /* Build configuration list for PBXNativeTarget "CRUDProject" */ = {
			isa = XCConfigurationList;
			buildConfigurations = (
				2F6C291924FBEF3E00CC1D70 /* Debug */,
				2F6C291A24FBEF3E00CC1D70 /* Release */,
			);
			defaultConfigurationIsVisible = 0;
			defaultConfigurationName = Release;
		};
		2F6C291B24FBEF3E00CC1D70 /* Build configuration list for PBXNativeTarget "CRUDProjectTests" */ = {
			isa = XCConfigurationList;
			buildConfigurations = (
				2F6C291C24FBEF3E00CC1D70 /* Debug */,
				2F6C291D24FBEF3E00CC1D70 /* Release */,
			);
			defaultConfigurationIsVisible = 0;
			defaultConfigurationName = Release;
		};
		2F6C291E24FBEF3E00CC1D70 /* Build configuration list for PBXNativeTarget "CRUDProjectUITests" */ = {
			isa = XCConfigurationList;
			buildConfigurations = (
				2F6C291F24FBEF3E00CC1D70 /* Debug */,
				2F6C292024FBEF3E00CC1D70 /* Release */,
			);
			defaultConfigurationIsVisible = 0;
			defaultConfigurationName = Release;
		};
/* End XCConfigurationList section */

/* Begin XCVersionGroup section */
		2F6C28F724FBEF3E00CC1D70 /* CRUDProject.xcdatamodeld */ = {
			isa = XCVersionGroup;
			children = (
				2F6C28F824FBEF3E00CC1D70 /* CRUDProject.xcdatamodel */,
			);
			currentVersion = 2F6C28F824FBEF3E00CC1D70 /* CRUDProject.xcdatamodel */;
			path = CRUDProject.xcdatamodeld;
			sourceTree = "<group>";
			versionGroupType = wrapper.xcdatamodel;
		};
/* End XCVersionGroup section */
	};
	rootObject = 2F6C28E324FBEF3E00CC1D70 /* Project object */;
}
